
Microsoft Visual Studio Solution File, Format Version 12.00
# Visual Studio Version 17
VisualStudioVersion = 17.6.33829.357
MinimumVisualStudioVersion = 10.0.40219.1
Project("{FAE04EC0-301F-11D3-BF4B-00C04F79EFBC}") = "FarmaciaAPI", "FarmaciaAPI.csproj", "{EAA490FC-B36B-4E12-A323-AF08FA4A6BC4}"
EndProject
Global
	GlobalSection(SolutionConfigurationPlatforms) = preSolution
		Debug|Any CPU = Debug|Any CPU
		Release|Any CPU = Release|Any CPU
	EndGlobalSection
	GlobalSection(ProjectConfigurationPlatforms) = postSolution
		{EAA490FC-B36B-4E12-A323-AF08FA4A6BC4}.Debug|Any CPU.ActiveCfg = Debug|Any CPU
		{EAA490FC-B36B-4E12-A323-AF08FA4A6BC4}.Debug|Any CPU.Build.0 = Debug|Any CPU
		{EAA490FC-B36B-4E12-A323-AF08FA4A6BC4}.Release|Any CPU.ActiveCfg = Release|Any CPU
		{EAA490FC-B36B-4E12-A323-AF08FA4A6BC4}.Release|Any CPU.Build.0 = Release|Any CPU
	EndGlobalSection
	GlobalSection(SolutionProperties) = preSolution
		HideSolutionNode = FALSE
	EndGlobalSection
	GlobalSection(ExtensibilityGlobals) = postSolution
		SolutionGuid = {DFE26FEA-50FB-4537-9D04-A3957DD8C044}
	EndGlobalSection
EndGlobal
